
Microsoft Visual Studio Solution File, Format Version 12.00
# Visual Studio Version 17
VisualStudioVersion = 17.6.33829.357
MinimumVisualStudioVersion = 10.0.40219.1
Project("{FAE04EC0-301F-11D3-BF4B-00C04F79EFBC}") = "How-To-ReadOrWrite-ExcelFile-csharp-2024(Gacon-ruduesMSK)", "How-To-ReadOrWrite-ExcelFile-csharp-2024(Gacon-ruduesMSK)\How-To-ReadOrWrite-ExcelFile-csharp-2024(Gacon-ruduesMSK).csproj", "{0332C44C-06C0-42CA-A086-B51B403D4E78}"
EndProject
Global
	GlobalSection(SolutionConfigurationPlatforms) = preSolution
		Debug|Any CPU = Debug|Any CPU
		Release|Any CPU = Release|Any CPU
	EndGlobalSection
	GlobalSection(ProjectConfigurationPlatforms) = postSolution
		{0332C44C-06C0-42CA-A086-B51B403D4E78}.Debug|Any CPU.ActiveCfg = Debug|Any CPU
		{0332C44C-06C0-42CA-A086-B51B403D4E78}.Debug|Any CPU.Build.0 = Debug|Any CPU
		{0332C44C-06C0-42CA-A086-B51B403D4E78}.Release|Any CPU.ActiveCfg = Release|Any CPU
		{0332C44C-06C0-42CA-A086-B51B403D4E78}.Release|Any CPU.Build.0 = Release|Any CPU
	EndGlobalSection
	GlobalSection(SolutionProperties) = preSolution
		HideSolutionNode = FALSE
	EndGlobalSection
	GlobalSection(ExtensibilityGlobals) = postSolution
		SolutionGuid = {98201D90-E25B-4E66-9265-B00350790161}
	EndGlobalSection
EndGlobal
